
Microsoft Visual Studio Solution File, Format Version 12.00
# Visual Studio 2013
VisualStudioVersion = 12.0.21005.1
MinimumVisualStudioVersion = 10.0.40219.1
Project("{8BC9CEB8-8B4A-11D0-8D11-00A0C91BC942}") = "libcef_dll", "libcef_dll\libcef_dll.vcxproj", "{8D8DE242-4755-4A84-910A-C9E618C8692D}"
EndProject
Project("{8BC9CEB8-8B4A-11D0-8D11-00A0C91BC942}") = "cefclient", "cefclient\cefclient.vcxproj", "{B53C5DF0-E612-497C-96F0-C27E80579B61}"
EndProject
Global
	GlobalSection(SolutionConfigurationPlatforms) = preSolution
		Debug|Win32 = Debug|Win32
		Release|Win32 = Release|Win32
	EndGlobalSection
	GlobalSection(ProjectConfigurationPlatforms) = postSolution
		{8D8DE242-4755-4A84-910A-C9E618C8692D}.Debug|Win32.ActiveCfg = Debug|Win32
		{8D8DE242-4755-4A84-910A-C9E618C8692D}.Debug|Win32.Build.0 = Debug|Win32
		{8D8DE242-4755-4A84-910A-C9E618C8692D}.Release|Win32.ActiveCfg = Release|Win32
		{8D8DE242-4755-4A84-910A-C9E618C8692D}.Release|Win32.Build.0 = Release|Win32
		{B53C5DF0-E612-497C-96F0-C27E80579B61}.Debug|Win32.ActiveCfg = Debug|Win32
		{B53C5DF0-E612-497C-96F0-C27E80579B61}.Debug|Win32.Build.0 = Debug|Win32
		{B53C5DF0-E612-497C-96F0-C27E80579B61}.Release|Win32.ActiveCfg = Release|Win32
		{B53C5DF0-E612-497C-96F0-C27E80579B61}.Release|Win32.Build.0 = Release|Win32
	EndGlobalSection
	GlobalSection(SolutionProperties) = preSolution
		HideSolutionNode = FALSE
	EndGlobalSection
EndGlobal
